
Microsoft Visual Studio Solution File, Format Version 12.00
# Visual Studio Version 17
VisualStudioVersion = 17.0.31903.59
MinimumVisualStudioVersion = 10.0.40219.1
Project("{2150E333-8FDC-42A3-9474-1A3956D46DE8}") = "Core", "Core", "{FBF56CC3-7AE6-AD2D-3F14-7F97FD322CD6}"
EndProject
Project("{FAE04EC0-301F-11D3-BF4B-00C04F79EFBC}") = "Domain", "Core\Domain\Domain.csproj", "{0A023293-4B3D-4484-8D21-DCFD76C5D329}"
EndProject
Project("{FAE04EC0-301F-11D3-BF4B-00C04F79EFBC}") = "Application", "Core\Application\Application.csproj", "{566DA3E8-9B15-42C7-A095-C6EA9DFBC23D}"
EndProject
Project("{2150E333-8FDC-42A3-9474-1A3956D46DE8}") = "Infrastructure", "Infrastructure", "{DFEE68D8-A7D0-1A41-506C-9B74AA9A7B7B}"
EndProject
Project("{FAE04EC0-301F-11D3-BF4B-00C04F79EFBC}") = "Infrastructure", "Infrastructure\Infrastructure\Infrastructure.csproj", "{C49A4905-8874-4C7D-9B5E-DB7FD2877DAD}"
EndProject
Project("{FAE04EC0-301F-11D3-BF4B-00C04F79EFBC}") = "Persistence", "Infrastructure\Persistence\Persistence.csproj", "{C2CE90E5-576A-4C53-994B-FE28FAB738A8}"
EndProject
Project("{2150E333-8FDC-42A3-9474-1A3956D46DE8}") = "Presenation", "Presenation", "{02BCD77F-2C8D-9CA5-9B33-861F3F88BF3F}"
EndProject
Project("{FAE04EC0-301F-11D3-BF4B-00C04F79EFBC}") = "API", "Presenation\API\API.csproj", "{96AFC63E-F354-4356-9D80-AC59F2896622}"
EndProject
Global
	GlobalSection(SolutionConfigurationPlatforms) = preSolution
		Debug|Any CPU = Debug|Any CPU
		Debug|x64 = Debug|x64
		Debug|x86 = Debug|x86
		Release|Any CPU = Release|Any CPU
		Release|x64 = Release|x64
		Release|x86 = Release|x86
	EndGlobalSection
	GlobalSection(ProjectConfigurationPlatforms) = postSolution
		{0A023293-4B3D-4484-8D21-DCFD76C5D329}.Debug|Any CPU.ActiveCfg = Debug|Any CPU
		{0A023293-4B3D-4484-8D21-DCFD76C5D329}.Debug|Any CPU.Build.0 = Debug|Any CPU
		{0A023293-4B3D-4484-8D21-DCFD76C5D329}.Debug|x64.ActiveCfg = Debug|Any CPU
		{0A023293-4B3D-4484-8D21-DCFD76C5D329}.Debug|x64.Build.0 = Debug|Any CPU
		{0A023293-4B3D-4484-8D21-DCFD76C5D329}.Debug|x86.ActiveCfg = Debug|Any CPU
		{0A023293-4B3D-4484-8D21-DCFD76C5D329}.Debug|x86.Build.0 = Debug|Any CPU
		{0A023293-4B3D-4484-8D21-DCFD76C5D329}.Release|Any CPU.ActiveCfg = Release|Any CPU
		{0A023293-4B3D-4484-8D21-DCFD76C5D329}.Release|Any CPU.Build.0 = Release|Any CPU
		{0A023293-4B3D-4484-8D21-DCFD76C5D329}.Release|x64.ActiveCfg = Release|Any CPU
		{0A023293-4B3D-4484-8D21-DCFD76C5D329}.Release|x64.Build.0 = Release|Any CPU
		{0A023293-4B3D-4484-8D21-DCFD76C5D329}.Release|x86.ActiveCfg = Release|Any CPU
		{0A023293-4B3D-4484-8D21-DCFD76C5D329}.Release|x86.Build.0 = Release|Any CPU
		{566DA3E8-9B15-42C7-A095-C6EA9DFBC23D}.Debug|Any CPU.ActiveCfg = Debug|Any CPU
		{566DA3E8-9B15-42C7-A095-C6EA9DFBC23D}.Debug|Any CPU.Build.0 = Debug|Any CPU
		{566DA3E8-9B15-42C7-A095-C6EA9DFBC23D}.Debug|x64.ActiveCfg = Debug|Any CPU
		{566DA3E8-9B15-42C7-A095-C6EA9DFBC23D}.Debug|x64.Build.0 = Debug|Any CPU
		{566DA3E8-9B15-42C7-A095-C6EA9DFBC23D}.Debug|x86.ActiveCfg = Debug|Any CPU
		{566DA3E8-9B15-42C7-A095-C6EA9DFBC23D}.Debug|x86.Build.0 = Debug|Any CPU
		{566DA3E8-9B15-42C7-A095-C6EA9DFBC23D}.Release|Any CPU.ActiveCfg = Release|Any CPU
		{566DA3E8-9B15-42C7-A095-C6EA9DFBC23D}.Release|Any CPU.Build.0 = Release|Any CPU
		{566DA3E8-9B15-42C7-A095-C6EA9DFBC23D}.Release|x64.ActiveCfg = Release|Any CPU
		{566DA3E8-9B15-42C7-A095-C6EA9DFBC23D}.Release|x64.Build.0 = Release|Any CPU
		{566DA3E8-9B15-42C7-A095-C6EA9DFBC23D}.Release|x86.ActiveCfg = Release|Any CPU
		{566DA3E8-9B15-42C7-A095-C6EA9DFBC23D}.Release|x86.Build.0 = Release|Any CPU
		{C49A4905-8874-4C7D-9B5E-DB7FD2877DAD}.Debug|Any CPU.ActiveCfg = Debug|Any CPU
		{C49A4905-8874-4C7D-9B5E-DB7FD2877DAD}.Debug|Any CPU.Build.0 = Debug|Any CPU
		{C49A4905-8874-4C7D-9B5E-DB7FD2877DAD}.Debug|x64.ActiveCfg = Debug|Any CPU
		{C49A4905-8874-4C7D-9B5E-DB7FD2877DAD}.Debug|x64.Build.0 = Debug|Any CPU
		{C49A4905-8874-4C7D-9B5E-DB7FD2877DAD}.Debug|x86.ActiveCfg = Debug|Any CPU
		{C49A4905-8874-4C7D-9B5E-DB7FD2877DAD}.Debug|x86.Build.0 = Debug|Any CPU
		{C49A4905-8874-4C7D-9B5E-DB7FD2877DAD}.Release|Any CPU.ActiveCfg = Release|Any CPU
		{C49A4905-8874-4C7D-9B5E-DB7FD2877DAD}.Release|Any CPU.Build.0 = Release|Any CPU
		{C49A4905-8874-4C7D-9B5E-DB7FD2877DAD}.Release|x64.ActiveCfg = Release|Any CPU
		{C49A4905-8874-4C7D-9B5E-DB7FD2877DAD}.Release|x64.Build.0 = Release|Any CPU
		{C49A4905-8874-4C7D-9B5E-DB7FD2877DAD}.Release|x86.ActiveCfg = Release|Any CPU
		{C49A4905-8874-4C7D-9B5E-DB7FD2877DAD}.Release|x86.Build.0 = Release|Any CPU
		{C2CE90E5-576A-4C53-994B-FE28FAB738A8}.Debug|Any CPU.ActiveCfg = Debug|Any CPU
		{C2CE90E5-576A-4C53-994B-FE28FAB738A8}.Debug|Any CPU.Build.0 = Debug|Any CPU
		{C2CE90E5-576A-4C53-994B-FE28FAB738A8}.Debug|x64.ActiveCfg = Debug|Any CPU
		{C2CE90E5-576A-4C53-994B-FE28FAB738A8}.Debug|x64.Build.0 = Debug|Any CPU
		{C2CE90E5-576A-4C53-994B-FE28FAB738A8}.Debug|x86.ActiveCfg = Debug|Any CPU
		{C2CE90E5-576A-4C53-994B-FE28FAB738A8}.Debug|x86.Build.0 = Debug|Any CPU
		{C2CE90E5-576A-4C53-994B-FE28FAB738A8}.Release|Any CPU.ActiveCfg = Release|Any CPU
		{C2CE90E5-576A-4C53-994B-FE28FAB738A8}.Release|Any CPU.Build.0 = Release|Any CPU
		{C2CE90E5-576A-4C53-994B-FE28FAB738A8}.Release|x64.ActiveCfg = Release|Any CPU
		{C2CE90E5-576A-4C53-994B-FE28FAB738A8}.Release|x64.Build.0 = Release|Any CPU
		{C2CE90E5-576A-4C53-994B-FE28FAB738A8}.Release|x86.ActiveCfg = Release|Any CPU
		{C2CE90E5-576A-4C53-994B-FE28FAB738A8}.Release|x86.Build.0 = Release|Any CPU
		{96AFC63E-F354-4356-9D80-AC59F2896622}.Debug|Any CPU.ActiveCfg = Debug|Any CPU
		{96AFC63E-F354-4356-9D80-AC59F2896622}.Debug|Any CPU.Build.0 = Debug|Any CPU
		{96AFC63E-F354-4356-9D80-AC59F2896622}.Debug|x64.ActiveCfg = Debug|Any CPU
		{96AFC63E-F354-4356-9D80-AC59F2896622}.Debug|x64.Build.0 = Debug|Any CPU
		{96AFC63E-F354-4356-9D80-AC59F2896622}.Debug|x86.ActiveCfg = Debug|Any CPU
		{96AFC63E-F354-4356-9D80-AC59F2896622}.Debug|x86.Build.0 = Debug|Any CPU
		{96AFC63E-F354-4356-9D80-AC59F2896622}.Release|Any CPU.ActiveCfg = Release|Any CPU
		{96AFC63E-F354-4356-9D80-AC59F2896622}.Release|Any CPU.Build.0 = Release|Any CPU
		{96AFC63E-F354-4356-9D80-AC59F2896622}.Release|x64.ActiveCfg = Release|Any CPU
		{96AFC63E-F354-4356-9D80-AC59F2896622}.Release|x64.Build.0 = Release|Any CPU
		{96AFC63E-F354-4356-9D80-AC59F2896622}.Release|x86.ActiveCfg = Release|Any CPU
		{96AFC63E-F354-4356-9D80-AC59F2896622}.Release|x86.Build.0 = Release|Any CPU
	EndGlobalSection
	GlobalSection(SolutionProperties) = preSolution
		HideSolutionNode = FALSE
	EndGlobalSection
	GlobalSection(NestedProjects) = preSolution
		{0A023293-4B3D-4484-8D21-DCFD76C5D329} = {FBF56CC3-7AE6-AD2D-3F14-7F97FD322CD6}
		{566DA3E8-9B15-42C7-A095-C6EA9DFBC23D} = {FBF56CC3-7AE6-AD2D-3F14-7F97FD322CD6}
		{C49A4905-8874-4C7D-9B5E-DB7FD2877DAD} = {DFEE68D8-A7D0-1A41-506C-9B74AA9A7B7B}
		{C2CE90E5-576A-4C53-994B-FE28FAB738A8} = {DFEE68D8-A7D0-1A41-506C-9B74AA9A7B7B}
		{96AFC63E-F354-4356-9D80-AC59F2896622} = {02BCD77F-2C8D-9CA5-9B33-861F3F88BF3F}
	EndGlobalSection
EndGlobal
